dependencies:
- name: postgresql
  repository: file://./deps/postgresql
  version: 1.0.1
- name: postgresql
  repository: file://./deps/postgresql
  version: 1.0.1
- name: postgresql
  repository: file://./deps/postgresql
  version: 1.0.1
- name: redis
  repository: oci://registry-1.docker.io/bitnamicharts
  version: 18.0.2
digest: sha256:cad30648f26d16150e511a104881369c3840e5fdbc1f38d0a2c05b81c46813a3
generated: "2023-09-06T12:10:06.713465-07:00"
