dependencies:
- name: postgresql
  repository: file://./deps/postgresql
  version: 1.0.1
- name: postgresql
  repository: file://./deps/postgresql
  version: 1.0.1
- name: postgresql
  repository: file://./deps/postgresql
  version: 1.0.1
- name: redis
  repository: https://charts.bitnami.com/bitnami
  version: 16.9.0
digest: sha256:b47e602eda542006b955de605c50598d188c3cbf5f4516847c1755310c048d29
generated: "2022-06-03T09:48:26.068871-04:00"
