dependencies:
- name: postgresql
  repository: oci://registry-1.docker.io/bitnamicharts
  version: 12.5.9
- name: redis
  repository: oci://registry-1.docker.io/bitnamicharts
  version: 17.11.8
- name: feeds
  repository: https://charts.anchore.io/stable
  version: 0.0.9
digest: sha256:3bcc143fdabcb9ecd754d37c55e3c7eadad57e73367fef9476ec2463e93fdfb8
generated: "2023-09-26T16:36:55.550736-07:00"
