dependencies:
- name: postgresql
  repository: oci://registry-1.docker.io/bitnamicharts
  version: 12.5.9
- name: redis
  repository: oci://registry-1.docker.io/bitnamicharts
  version: 17.11.8
digest: sha256:0ecd9810e416973f8bc4caa4641764b10ff5224edaecb1a5b66d3b1f82948537
generated: "2024-08-15T22:30:42.63806-07:00"
