dependencies:
- name: postgresql
  repository: oci://registry-1.docker.io/bitnamicharts
  version: 12.5.9
- name: redis
  repository: oci://registry-1.docker.io/bitnamicharts
  version: 17.11.8
- name: prometheus
  repository: https://prometheus-community.github.io/helm-charts
  version: 27.39.0
digest: sha256:dcda1bbf7238771e6e21d2628557c3e7f2832ee83393af23f33f388ee1cdb530
generated: "2025-10-03T11:24:56.876443-04:00"
